
Microsoft Visual Studio Solution File, Format Version 12.00
# Visual Studio Version 16
VisualStudioVersion = 16.0.31025.194
MinimumVisualStudioVersion = 10.0.40219.1
Project("{FAE04EC0-301F-11D3-BF4B-00C04F79EFBC}") = "AdapterPattern", "AdapterPattern\AdapterPattern.csproj", "{416DDB89-CDAD-4AFD-879B-573F86270122}"
EndProject
Global
	GlobalSection(SolutionConfigurationPlatforms) = preSolution
		Debug|Any CPU = Debug|Any CPU
		Release|Any CPU = Release|Any CPU
	EndGlobalSection
	GlobalSection(ProjectConfigurationPlatforms) = postSolution
		{416DDB89-CDAD-4AFD-879B-573F86270122}.Debug|Any CPU.ActiveCfg = Debug|Any CPU
		{416DDB89-CDAD-4AFD-879B-573F86270122}.Debug|Any CPU.Build.0 = Debug|Any CPU
		{416DDB89-CDAD-4AFD-879B-573F86270122}.Release|Any CPU.ActiveCfg = Release|Any CPU
		{416DDB89-CDAD-4AFD-879B-573F86270122}.Release|Any CPU.Build.0 = Release|Any CPU
	EndGlobalSection
	GlobalSection(SolutionProperties) = preSolution
		HideSolutionNode = FALSE
	EndGlobalSection
	GlobalSection(ExtensibilityGlobals) = postSolution
		SolutionGuid = {D6147206-0DCD-4A75-B082-352505879B25}
	EndGlobalSection
EndGlobal
